[[package]]
category = "dev"
description = "Disable App Nap on OS X 10.9"
marker = "python_version >= \"3.4\" and sys_platform == \"darwin\""
name = "appnope"
optional = false
python-versions = "*"
version = "0.1.0"

[[package]]
category = "dev"
description = "Specifications for callback functions passed in to an API"
marker = "python_version >= \"3.4\""
name = "backcall"
optional = false
python-versions = "*"
version = "0.1.0"

[[package]]
category = "dev"
description = "Cross-platform colored terminal text."
marker = "python_version >= \"3.4\" and sys_platform == \"win32\""
name = "colorama"
optional = false
python-versions = ">=2.7, !=3.0.*, !=3.1.*, !=3.2.*, !=3.3.*"
version = "0.4.1"

[[package]]
category = "dev"
description = "Better living through Python with decorators"
marker = "python_version >= \"3.4\""
name = "decorator"
optional = false
python-versions = ">=2.6, !=3.0.*, !=3.1.*"
version = "4.4.0"

[[package]]
category = "main"
description = "HTTP/2-based RPC framework"
name = "grpcio"
optional = false
python-versions = "*"
version = "1.24.0"

[package.dependencies]
six = ">=1.5.2"

[[package]]
category = "main"
description = "Protobuf code generator for gRPC"
name = "grpcio-tools"
optional = false
python-versions = "*"
version = "1.24.0"

[package.dependencies]
grpcio = ">=1.24.0"
protobuf = ">=3.5.0.post1"

[[package]]
category = "dev"
description = "IPython-enabled pdb"
name = "ipdb"
optional = false
python-versions = ">=2.7"
version = "0.12.2"

[package.dependencies]
setuptools = "*"

[package.dependencies.ipython]
python = ">=3.4"
version = ">=5.1.0"

[[package]]
category = "dev"
description = "IPython: Productive Interactive Computing"
marker = "python_version >= \"3.4\""
name = "ipython"
optional = false
python-versions = ">=3.5"
version = "7.8.0"

[package.dependencies]
appnope = "*"
backcall = "*"
colorama = "*"
decorator = "*"
jedi = ">=0.10"
pexpect = "*"
pickleshare = "*"
prompt-toolkit = ">=2.0.0,<2.1.0"
pygments = "*"
setuptools = ">=18.5"
traitlets = ">=4.2"

[[package]]
category = "dev"
description = "Vestigial utilities from IPython"
marker = "python_version >= \"3.4\""
name = "ipython-genutils"
optional = false
python-versions = "*"
version = "0.2.0"

[[package]]
category = "dev"
description = "An autocompletion tool for Python that can be used for text editors."
marker = "python_version >= \"3.4\""
name = "jedi"
optional = false
python-versions = ">=2.7, !=3.0.*, !=3.1.*, !=3.2.*, !=3.3.*"
version = "0.15.1"

[package.dependencies]
parso = ">=0.5.0"

[[package]]
category = "dev"
description = "A Python Parser"
marker = "python_version >= \"3.4\""
name = "parso"
optional = false
python-versions = "*"
version = "0.5.1"

[[package]]
category = "dev"
description = "Pexpect allows easy control of interactive console applications."
marker = "python_version >= \"3.4\" and sys_platform != \"win32\""
name = "pexpect"
optional = false
python-versions = "*"
version = "4.7.0"

[package.dependencies]
ptyprocess = ">=0.5"

[[package]]
category = "dev"
description = "Tiny 'shelve'-like database with concurrency support"
marker = "python_version >= \"3.4\""
name = "pickleshare"
optional = false
python-versions = "*"
version = "0.7.5"

[[package]]
category = "dev"
description = "Library for building powerful interactive command lines in Python"
marker = "python_version >= \"3.4\""
name = "prompt-toolkit"
optional = false
python-versions = "*"
version = "2.0.9"

[package.dependencies]
six = ">=1.9.0"
wcwidth = "*"

[[package]]
category = "main"
description = "Protocol Buffers"
name = "protobuf"
optional = false
python-versions = "*"
version = "3.9.2"

[package.dependencies]
setuptools = "*"
six = ">=1.9"

[[package]]
category = "dev"
description = "Run a subprocess in a pseudo terminal"
marker = "python_version >= \"3.4\" and sys_platform != \"win32\""
name = "ptyprocess"
optional = false
python-versions = "*"
version = "0.6.0"

[[package]]
category = "dev"
description = "Pygments is a syntax highlighting package written in Python."
marker = "python_version >= \"3.4\""
name = "pygments"
optional = false
python-versions = ">=2.7, !=3.0.*, !=3.1.*, !=3.2.*, !=3.3.*, !=3.4.*"
version = "2.4.2"

[[package]]
category = "main"
description = "Python 2 and 3 compatibility utilities"
name = "six"
optional = false
python-versions = ">=2.6, !=3.0.*, !=3.1.*"
version = "1.12.0"

[[package]]
category = "dev"
description = "Traitlets Python config system"
marker = "python_version >= \"3.4\""
name = "traitlets"
optional = false
python-versions = "*"
version = "4.3.2"

[package.dependencies]
decorator = "*"
ipython-genutils = "*"
six = "*"

[[package]]
category = "dev"
description = "Measures number of Terminal column cells of wide-character codes"
marker = "python_version >= \"3.4\""
name = "wcwidth"
optional = false
python-versions = "*"
version = "0.1.7"

[metadata]
content-hash = "8212df63c0a18cf77b7d38444934185fe04697c583f67d5a57d1b097e3b10784"
python-versions = "^3.7"

[metadata.hashes]
appnope = ["5b26757dc6f79a3b7dc9fab95359328d5747fcb2409d331ea66d0272b90ab2a0", "8b995ffe925347a2138d7ac0fe77155e4311a0ea6d6da4f5128fe4b3cbe5ed71"]
backcall = ["38ecd85be2c1e78f77fd91700c76e14667dc21e2713b63876c0eb901196e01e4", "bbbf4b1e5cd2bdb08f915895b51081c041bac22394fdfcfdfbe9f14b77c08bf2"]
colorama = ["05eed71e2e327246ad6b38c540c4a3117230b19679b875190486ddd2d721422d", "f8ac84de7840f5b9c4e3347b3c1eaa50f7e49c2b07596221daec5edaabbd7c48"]
decorator = ["86156361c50488b84a3f148056ea716ca587df2f0de1d34750d35c21312725de", "f069f3a01830ca754ba5258fde2278454a0b5b79e0d7f5c13b3b97e57d4acff6"]
grpcio = ["0337debec20fe385bcd49048d6917270efbc17a5119857466559b4db91f8995b", "164f82a99e08797ea786283b66b45ebe76772d321577d1674ba6fe0200155892", "172dfba8d9621048c2cbc1d1cf7a02244e9a9a8cff5bb79bb30bcb0c13c7fd31", "18f4b536d8a9cfa15b3214e0bb628071def94160699e91798f0a954c3b2db88d", "2283b56bda49b068b0f08d006fffc7dd46eae72322f1a5dec87fc9c218f1dc2d", "26b33f488a955bf49262d2ce3423d3a8174108506d8f819e8150aca21bdd3b99", "31cc9b6f70bdd0d9ff53df2d563ea1fb278601d5c625932d8a82d03b08ff3de0", "37dd8684fbc2bc00766ae6784bcbd7f874bc96527636a341411db811d04ff650", "424c01189ef51a808669f020368b01204e0f1fa0bf2adab7c8d0d13166f92e9e", "431c099f20a1f1d97def98f87bb74fa752e8819c2bab23d79089353aed1acc9b", "4c2f1d0b27bcef301e5d5c1da05ffd7d174f807f61889c006b8e708b16bc978e", "59b8d738867b59c5daaff5df242b5f3f9c58b47862f603c6ee530964b897b69b", "8d4f1ee2a67cf8f792d4fc9b8c7bb2148174e838d935f175653aec234752828b", "97ab9e35b47bda0441332204960f95c1169c55ec8e989381bedd32bdb9f78b05", "9cf93e185507bfdaa7ed45a90049bd3f1ed3f6357ad3772b31e993ff723cf67d", "a5a81472c0ca6181492b9291c316ff60c6c94dd3f21c1e8c481f21923d899af0", "aaa1feb0fdd094af6db0a16cbd446ed94285a50e320aede5971152d9ea022df8", "b36bf4408f8400ee9ab13ff129e71f2e4c72ce2d8886b744aeab77ce50a55cf6", "bb345f7e98b38a2c1ef33ff1145687234f78dfeedf308b41b3e41f4b42eba099", "c13ae15695e0eb4ba2db920d6a197171d2398c675afa4f27460b6381d20a6884", "c4a233a00cc5b64543e97733902151bc6738396931b3c166aad03a3aaadbd479", "c521c5f8a95baabba69c68dd0f5e34f37c8adf1a9691f9884dba3eab4ebadc29", "c772edd094fe3e54d6d54fdecb90c51cb8d07b55e9c1cda2d33e9615e33d07e8", "cebfba6542855403b29e4bc95bbcd5ab444f21137b440f2fb7c7925ca0e55bfd", "d7490e013c4bad3e8db804fc6483b47125dc8df0ebcfd6e419bd25df35025301", "dfb6063619f297cbd22c67530d7465d98348b35d0424bbc1756b36c5ef9f99d4", "e80a15b48a66f35c7c33db2a7df4034a533b362269d0e60e0036e23f14bac7b5", "ea444fa1c1ec4f8d2ce965bb01e06148ef9ceb398fb2f627511d50f137eac35b", "ec986cbf8837a49f9612cc1cfc2a8ccb54875cfce5355a121279de35124ea1db", "fb641df6de8c4a55c784c24d334d53096954d9b30679d3ce5eb6a4d25c1020a3", "fb88bd791c8efbcb36de12f0aa519ceec0b7806d3decff16e412e097d4725d44", "ffa1be3d566a9cbd21a5f2d95fd9262ec6c337c499291bfeb51547b8de18942e"]
grpcio-tools = ["077a9a088d6e67ef35d23bb3fea0f3aae26346a589df3fab45f5a77c5c4546ab", "0addae4886b64a2c680679624b7d5f6daaca86cd90adc95ec9b60f1811a533c6", "1a197412de29f2aa68a212abf303b4e512d2048edb1e6b858e48eb4e53134f52", "32c112d0a6d435a89468fb94e0dee40e66e798097e8a33bfff0addf81434ead1", "355c7512e4cfb15e9537b78d663fca21e6678bceb36500e99eec04323880ef8b", "3568a2122feb05b64e3fc6e02202ad929d8edd673d28912f62f8836a6cb3a4a3", "3b0b4b804bdbd48b1240c832e45f9ddc634f600ab02eb2d561eccac5467f4fa0", "4bcedb97ac2ccf67d7686ab177677b0c1be2abd750b12546fc698c030baad3ce", "506f9f39636bed168bf6ead93c5fa5ca5573f425840149c02a910008c929cd77", "523623e12d00b939590f7a5e948fb50946d348562f97b3ebde7886e159adce8f", "7245ef62573ce5cd71a7ffc84f6e0cca673951e77495fcf06eb1cd00e93f251e", "812b0437dae2cb07e7bf30c0c0c50c152a6e93caff5618aac2384199a0e2eb4e", "858872fc7bf598204ad8ed5abab6ca568b8173443c74cc556bec03d01167a7f0", "9269f99de915c82f384d599f84eb0a2de693a695059d95edc2ac5cf24e6f2a2e", "9b2810b89455b63c2475ab83f492281eddabd50556a8695d219238c89578999b", "9b56125f10ff5a1dd53c6614444193fab56a779f4a2057f462c18f9fcfd9df65", "a0fee8446eca3e4dbe250fe357671f516d7b9ad8c18c117fac0f1e8003a49f99", "aeb020d8054eb5047def7d86aa99bc5bbb5a6d504fde4e5a5b392cec3418d385", "b39f203c763e75686a77efaf9338c64d43743166b4a6ddf9c436c97e29254089", "b8e8ea06f6658b7924943a72be204ad046358f6cb8e459e5f62a77222f4732cf", "bf1267089167c699bda85da49d16f6ff0719aaf6e135c6a2b969fd445e55dbd2", "bf22515ea227efe0a613fba19ed2ca6a92ae60046bff28f3d4e98f428fb321a8", "c0c1670f82d15013832af7bf3bfc6658f103ec8aff88941bfcd0203702412e50", "cc2d24744f6494314b941af386da31c8fc7a26ed1337aa30a5852175f9521bd3", "d259156c2afae61a4d4a52d9782084015df19fb6cbaa276110041c3431f89778", "d2bdab26d14ec9a11ae9052c9a5f73093cf1466acc6e8ed347a37d60b4b3ffd0", "d8e88ddc29467862b25425d6d0616eda059759839180498ee0983660f24f0af1", "dd122f34ace48dd8d7976df0188211dd18f9d9d0c704695154f631a57d1d1576", "ea28d9e9c905c552aa39e4a1be26fe1e19f75b5bec717fd617bb006866f9ce39", "f2e199c283e327351744657172fc2e696f0cebd5fcb3a2682ff9dba8088c3e9f", "f8a791d27432c36ea9d13da33a2ebd5c6627c4afebb1bda7e4da1f868303801e", "fd0e2224d4e4067cc975a3d3d1b8dca175aa40f859d81795ce18a97d2a0db7b3"]
ipdb = ["473fdd798a099765f093231a8b1fabfa95b0b682fce12de0c74b61a4b4d8ee57"]
ipython = ["c4ab005921641e40a68e405e286e7a1fcc464497e14d81b6914b4fd95e5dee9b", "dd76831f065f17bddd7eaa5c781f5ea32de5ef217592cf019e34043b56895aa1"]
ipython-genutils = ["72dd37233799e619666c9f639a9da83c34013a73e8bbc79a7a6348d93c61fab8", "eb2e116e75ecef9d4d228fdc66af54269afa26ab4463042e33785b887c628ba8"]
jedi = ["786b6c3d80e2f06fd77162a07fed81b8baa22dde5d62896a790a331d6ac21a27", "ba859c74fa3c966a22f2aeebe1b74ee27e2a462f56d3f5f7ca4a59af61bfe42e"]
parso = ["63854233e1fadb5da97f2744b6b24346d2750b85965e7e399bec1620232797dc", "666b0ee4a7a1220f65d367617f2cd3ffddff3e205f3f16a0284df30e774c2a9c"]
pexpect = ["2094eefdfcf37a1fdbfb9aa090862c1a4878e5c7e0e7e7088bdb511c558e5cd1", "9e2c1fd0e6ee3a49b28f95d4b33bc389c89b20af6a1255906e90ff1262ce62eb"]
pickleshare = ["87683d47965c1da65cdacaf31c8441d12b8044cdec9aca500cd78fc2c683afca", "9649af414d74d4df115d5d718f82acb59c9d418196b7b4290ed47a12ce62df56"]
prompt-toolkit = ["11adf3389a996a6d45cc277580d0d53e8a5afd281d0c9ec71b28e6f121463780", "2519ad1d8038fd5fc8e770362237ad0364d16a7650fb5724af6997ed5515e3c1", "977c6583ae813a37dc1c2e1b715892461fcbdaa57f6fc62f33a528c4886c8f55"]
protobuf = ["26c0d756c7ad6823fccbc3b5f84c619b9cc7ac281496fe0a9d78e32023c45034", "3200046e4d4f6c42ed66257dbe15e2e5dc76072c280e9b3d69dc8f3a4fa3fbbc", "368f1bae6dd22d04fd2254d30cd301863408a96ff604422e3ddd8ab601f095a4", "3902fa1920b4ef9f710797496b309efc5ccd0faeba44dc82ed6a711a244764a0", "3a7a8925ba6481b9241cdb5d69cd0b0700f23efed6bb691dc9543faa4aa25d6f", "43cebb63d0a9a724afa020c84dfabe7037fefcb385d154bf1fdd94a9c8ae45f6", "4bc33d49f43c6e9916fb56b7377cb4478cbf25824b4d2bedfb8a4e3df31c12ca", "568b434a36e31ed30d60d600b2227666ce150b8b5275948f50411481a4575d6d", "5c393cd665d03ce6b29561edd6b0cc4bcb3fb8e2a7843e8f223d693f07f61b40", "80072e9ba36c73cf89c01f669c7b123733fc2de1780b428082a850f53cc7865f", "843f498e98ad1469ad54ecb4a7ccf48605a1c5d2bd26ae799c7a2cddab4a37ec", "aa45443035651cbfae74c8deb53358ba660d8e7a5fbab3fc4beb33fb3e3ca4be", "aaab817d9d038dd5f56a6fb2b2e8ae68caf1fd28cc6a963c755fa73268495c13", "e6f68b9979dc8f75299293d682f67fecb72d78f98652da2eeb85c85edef1ca94", "e7366cabddff3441d583fdc0176ab42eba4ee7090ef857d50c4dd59ad124003a", "f0144ad97cd28bfdda0567b9278d25061ada5ad2b545b538cd3577697b32bda3", "f655338491481f482042f19016647e50365ab41b75b486e0df56e0dcc425abf4"]
ptyprocess = ["923f299cc5ad920c68f2bc0bc98b75b9f838b93b599941a6b63ddbc2476394c0", "d7cc528d76e76342423ca640335bd3633420dc1366f258cb31d05e865ef5ca1f"]
pygments = ["71e430bc85c88a430f000ac1d9b331d2407f681d6f6aec95e8bcfbc3df5b0127", "881c4c157e45f30af185c1ffe8d549d48ac9127433f2c380c24b84572ad66297"]
six = ["3350809f0555b11f552448330d0b52d5f24c91a322ea4a15ef22629740f3761c", "d16a0141ec1a18405cd4ce8b4613101da75da0e9a7aec5bdd4fa804d0e0eba73"]
traitlets = ["9c4bd2d267b7153df9152698efb1050a5d84982d3384a37b2c1f7723ba3e7835", "c6cb5e6f57c5a9bdaa40fa71ce7b4af30298fbab9ece9815b5d995ab6217c7d9"]
wcwidth = ["3df37372226d6e63e1b1e1eda15c594bca98a22d33a23832a90998faa96bc65e", "f4ebe71925af7b40a864553f761ed559b43544f8f71746c2d756c7fe788ade7c"]
